
Microsoft Visual Studio Solution File, Format Version 12.00
# Visual Studio Version 17
VisualStudioVersion = 17.7.34031.279
MinimumVisualStudioVersion = 10.0.40219.1
Project("{FAE04EC0-301F-11D3-BF4B-00C04F79EFBC}") = "practice3", "practice3\practice3.csproj", "{D2CB4E92-90EA-4588-BE59-0B8683A59482}"
EndProject
Global
	GlobalSection(SolutionConfigurationPlatforms) = preSolution
		Debug|Any CPU = Debug|Any CPU
		Release|Any CPU = Release|Any CPU
	EndGlobalSection
	GlobalSection(ProjectConfigurationPlatforms) = postSolution
		{D2CB4E92-90EA-4588-BE59-0B8683A59482}.Debug|Any CPU.ActiveCfg = Debug|Any CPU
		{D2CB4E92-90EA-4588-BE59-0B8683A59482}.Debug|Any CPU.Build.0 = Debug|Any CPU
		{D2CB4E92-90EA-4588-BE59-0B8683A59482}.Release|Any CPU.ActiveCfg = Release|Any CPU
		{D2CB4E92-90EA-4588-BE59-0B8683A59482}.Release|Any CPU.Build.0 = Release|Any CPU
	EndGlobalSection
	GlobalSection(SolutionProperties) = preSolution
		HideSolutionNode = FALSE
	EndGlobalSection
	GlobalSection(ExtensibilityGlobals) = postSolution
		SolutionGuid = {F46A310D-D81C-4EB8-BE55-C7C6B29BA74C}
	EndGlobalSection
EndGlobal
